
Microsoft Visual Studio Solution File, Format Version 12.00
# Visual Studio Version 16
VisualStudioVersion = 16.0.33920.266
MinimumVisualStudioVersion = 10.0.40219.1
Project("{FAE04EC0-301F-11D3-BF4B-00C04F79EFBC}") = "SistemaComercial", "SistemaComercial\SistemaComercial.csproj", "{EEC4960C-5F7A-4316-8146-B3CE99B38495}"
EndProject
Global
	GlobalSection(SolutionConfigurationPlatforms) = preSolution
		Debug|Any CPU = Debug|Any CPU
		Release|Any CPU = Release|Any CPU
	EndGlobalSection
	GlobalSection(ProjectConfigurationPlatforms) = postSolution
		{EEC4960C-5F7A-4316-8146-B3CE99B38495}.Debug|Any CPU.ActiveCfg = Debug|Any CPU
		{EEC4960C-5F7A-4316-8146-B3CE99B38495}.Debug|Any CPU.Build.0 = Debug|Any CPU
		{EEC4960C-5F7A-4316-8146-B3CE99B38495}.Release|Any CPU.ActiveCfg = Release|Any CPU
		{EEC4960C-5F7A-4316-8146-B3CE99B38495}.Release|Any CPU.Build.0 = Release|Any CPU
	EndGlobalSection
	GlobalSection(SolutionProperties) = preSolution
		HideSolutionNode = FALSE
	EndGlobalSection
	GlobalSection(ExtensibilityGlobals) = postSolution
		SolutionGuid = {8FCD4387-4BE8-4B14-BC46-02C0958CD168}
	EndGlobalSection
EndGlobal
